
Microsoft Visual Studio Solution File, Format Version 12.00
# Visual Studio Version 17
VisualStudioVersion = 17.9.34728.123
MinimumVisualStudioVersion = 10.0.40219.1
Project("{FAE04EC0-301F-11D3-BF4B-00C04F79EFBC}") = "RABBIT_TOYS_SHOP_MANAGEMENT_SYSTEM", "RABBIT TOYS\RABBIT_TOYS_SHOP_MANAGEMENT_SYSTEM.csproj", "{354FE290-3935-4A99-A5D8-6B34DE7F43D3}"
EndProject
Global
	GlobalSection(SolutionConfigurationPlatforms) = preSolution
		Debug|Any CPU = Debug|Any CPU
		Release|Any CPU = Release|Any CPU
	EndGlobalSection
	GlobalSection(ProjectConfigurationPlatforms) = postSolution
		{354FE290-3935-4A99-A5D8-6B34DE7F43D3}.Debug|Any CPU.ActiveCfg = Debug|Any CPU
		{354FE290-3935-4A99-A5D8-6B34DE7F43D3}.Debug|Any CPU.Build.0 = Debug|Any CPU
		{354FE290-3935-4A99-A5D8-6B34DE7F43D3}.Release|Any CPU.ActiveCfg = Release|Any CPU
		{354FE290-3935-4A99-A5D8-6B34DE7F43D3}.Release|Any CPU.Build.0 = Release|Any CPU
	EndGlobalSection
	GlobalSection(SolutionProperties) = preSolution
		HideSolutionNode = FALSE
	EndGlobalSection
	GlobalSection(ExtensibilityGlobals) = postSolution
		SolutionGuid = {43A9DB0F-6F80-4EF0-BC40-FEF2F78180E1}
	EndGlobalSection
EndGlobal
